
Microsoft Visual Studio Solution File, Format Version 12.00
# Visual Studio Version 17
VisualStudioVersion = 17.12.35506.116
MinimumVisualStudioVersion = 10.0.40219.1
Project("{FAE04EC0-301F-11D3-BF4B-00C04F79EFBC}") = "EmployeeLeaveManagement.UI", "EmployeeLeaveManagement.UI\EmployeeLeaveManagement.UI.csproj", "{0EE86294-E29F-4583-98DD-0EBFEBD2C164}"
EndProject
Project("{FAE04EC0-301F-11D3-BF4B-00C04F79EFBC}") = "EmployeeManagementAPI", "..\EmpMgnAPI\EmployeeManagementAPI\EmployeeManagementAPI.csproj", "{9074BD48-AFD8-4CBE-9EF3-117F54EDBC1B}"
EndProject
Global
	GlobalSection(SolutionConfigurationPlatforms) = preSolution
		Debug|Any CPU = Debug|Any CPU
		Release|Any CPU = Release|Any CPU
	EndGlobalSection
	GlobalSection(ProjectConfigurationPlatforms) = postSolution
		{0EE86294-E29F-4583-98DD-0EBFEBD2C164}.Debug|Any CPU.ActiveCfg = Debug|Any CPU
		{0EE86294-E29F-4583-98DD-0EBFEBD2C164}.Debug|Any CPU.Build.0 = Debug|Any CPU
		{0EE86294-E29F-4583-98DD-0EBFEBD2C164}.Release|Any CPU.ActiveCfg = Release|Any CPU
		{0EE86294-E29F-4583-98DD-0EBFEBD2C164}.Release|Any CPU.Build.0 = Release|Any CPU
		{9074BD48-AFD8-4CBE-9EF3-117F54EDBC1B}.Debug|Any CPU.ActiveCfg = Debug|Any CPU
		{9074BD48-AFD8-4CBE-9EF3-117F54EDBC1B}.Debug|Any CPU.Build.0 = Debug|Any CPU
		{9074BD48-AFD8-4CBE-9EF3-117F54EDBC1B}.Release|Any CPU.ActiveCfg = Release|Any CPU
		{9074BD48-AFD8-4CBE-9EF3-117F54EDBC1B}.Release|Any CPU.Build.0 = Release|Any CPU
	EndGlobalSection
	GlobalSection(SolutionProperties) = preSolution
		HideSolutionNode = FALSE
	EndGlobalSection
EndGlobal
